
Microsoft Visual Studio Solution File, Format Version 12.00
# Visual Studio Version 16
VisualStudioVersion = 16.0.31112.23
MinimumVisualStudioVersion = 10.0.40219.1
Project("{FAE04EC0-301F-11D3-BF4B-00C04F79EFBC}") = "TestApp.UWP", "TestApp\TestApp.UWP\TestApp.UWP.csproj", "{BD178AAB-7E0A-4A82-814D-0930E789460A}"
EndProject
Project("{FAE04EC0-301F-11D3-BF4B-00C04F79EFBC}") = "TestApp.Android", "TestApp\TestApp.Android\TestApp.Android.csproj", "{60BED121-FC61-4170-8344-E57A4C8E7A79}"
EndProject
Project("{FAE04EC0-301F-11D3-BF4B-00C04F79EFBC}") = "TestApp.iOS", "TestApp\TestApp.iOS\TestApp.iOS.csproj", "{53C15F5C-A5CE-4A6E-8A54-DE4910FC793C}"
EndProject
Project("{FAE04EC0-301F-11D3-BF4B-00C04F79EFBC}") = "TestApp", "TestApp\TestApp\TestApp.csproj", "{276B3F43-99FD-4BEB-A2AC-0BE069A0C5C0}"
EndProject
Global
	GlobalSection(SolutionConfigurationPlatforms) = preSolution
		Debug|Any CPU = Debug|Any CPU
		Debug|ARM = Debug|ARM
		Debug|iPhone = Debug|iPhone
		Debug|iPhoneSimulator = Debug|iPhoneSimulator
		Debug|x64 = Debug|x64
		Debug|x86 = Debug|x86
		Release|Any CPU = Release|Any CPU
		Release|ARM = Release|ARM
		Release|iPhone = Release|iPhone
		Release|iPhoneSimulator = Release|iPhoneSimulator
		Release|x64 = Release|x64
		Release|x86 = Release|x86
	EndGlobalSection
	GlobalSection(ProjectConfigurationPlatforms) = postSolution
		{BD178AAB-7E0A-4A82-814D-0930E789460A}.Debug|Any CPU.ActiveCfg = Debug|x86
		{BD178AAB-7E0A-4A82-814D-0930E789460A}.Debug|Any CPU.Build.0 = Debug|x86
		{BD178AAB-7E0A-4A82-814D-0930E789460A}.Debug|Any CPU.Deploy.0 = Debug|x86
		{BD178AAB-7E0A-4A82-814D-0930E789460A}.Debug|ARM.ActiveCfg = Debug|ARM
		{BD178AAB-7E0A-4A82-814D-0930E789460A}.Debug|ARM.Build.0 = Debug|ARM
		{BD178AAB-7E0A-4A82-814D-0930E789460A}.Debug|ARM.Deploy.0 = Debug|ARM
		{BD178AAB-7E0A-4A82-814D-0930E789460A}.Debug|iPhone.ActiveCfg = Debug|x86
		{BD178AAB-7E0A-4A82-814D-0930E789460A}.Debug|iPhone.Build.0 = Debug|x86
		{BD178AAB-7E0A-4A82-814D-0930E789460A}.Debug|iPhone.Deploy.0 = Debug|x86
		{BD178AAB-7E0A-4A82-814D-0930E789460A}.Debug|iPhoneSimulator.ActiveCfg = Debug|x86
		{BD178AAB-7E0A-4A82-814D-0930E789460A}.Debug|iPhoneSimulator.Build.0 = Debug|x86
		{BD178AAB-7E0A-4A82-814D-0930E789460A}.Debug|iPhoneSimulator.Deploy.0 = Debug|x86
		{BD178AAB-7E0A-4A82-814D-0930E789460A}.Debug|x64.ActiveCfg = Debug|x64
		{BD178AAB-7E0A-4A82-814D-0930E789460A}.Debug|x64.Build.0 = Debug|x64
		{BD178AAB-7E0A-4A82-814D-0930E789460A}.Debug|x64.Deploy.0 = Debug|x64
		{BD178AAB-7E0A-4A82-814D-0930E789460A}.Debug|x86.ActiveCfg = Debug|x86
		{BD178AAB-7E0A-4A82-814D-0930E789460A}.Debug|x86.Build.0 = Debug|x86
		{BD178AAB-7E0A-4A82-814D-0930E789460A}.Debug|x86.Deploy.0 = Debug|x86
		{BD178AAB-7E0A-4A82-814D-0930E789460A}.Release|Any CPU.ActiveCfg = Release|x86
		{BD178AAB-7E0A-4A82-814D-0930E789460A}.Release|Any CPU.Build.0 = Release|x86
		{BD178AAB-7E0A-4A82-814D-0930E789460A}.Release|Any CPU.Deploy.0 = Release|x86
		{BD178AAB-7E0A-4A82-814D-0930E789460A}.Release|ARM.ActiveCfg = Release|ARM
		{BD178AAB-7E0A-4A82-814D-0930E789460A}.Release|ARM.Build.0 = Release|ARM
		{BD178AAB-7E0A-4A82-814D-0930E789460A}.Release|ARM.Deploy.0 = Release|ARM
		{BD178AAB-7E0A-4A82-814D-0930E789460A}.Release|iPhone.ActiveCfg = Release|x86
		{BD178AAB-7E0A-4A82-814D-0930E789460A}.Release|iPhone.Build.0 = Release|x86
		{BD178AAB-7E0A-4A82-814D-0930E789460A}.Release|iPhone.Deploy.0 = Release|x86
		{BD178AAB-7E0A-4A82-814D-0930E789460A}.Release|iPhoneSimulator.ActiveCfg = Release|x86
		{BD178AAB-7E0A-4A82-814D-0930E789460A}.Release|iPhoneSimulator.Build.0 = Release|x86
		{BD178AAB-7E0A-4A82-814D-0930E789460A}.Release|iPhoneSimulator.Deploy.0 = Release|x86
		{BD178AAB-7E0A-4A82-814D-0930E789460A}.Release|x64.ActiveCfg = Release|x64
		{BD178AAB-7E0A-4A82-814D-0930E789460A}.Release|x64.Build.0 = Release|x64
		{BD178AAB-7E0A-4A82-814D-0930E789460A}.Release|x64.Deploy.0 = Release|x64
		{BD178AAB-7E0A-4A82-814D-0930E789460A}.Release|x86.ActiveCfg = Release|x86
		{BD178AAB-7E0A-4A82-814D-0930E789460A}.Release|x86.Build.0 = Release|x86
		{BD178AAB-7E0A-4A82-814D-0930E789460A}.Release|x86.Deploy.0 = Release|x86
		{60BED121-FC61-4170-8344-E57A4C8E7A79}.Debug|Any CPU.ActiveCfg = Debug|Any CPU
		{60BED121-FC61-4170-8344-E57A4C8E7A79}.Debug|Any CPU.Build.0 = Debug|Any CPU
		{60BED121-FC61-4170-8344-E57A4C8E7A79}.Debug|Any CPU.Deploy.0 = Debug|Any CPU
		{60BED121-FC61-4170-8344-E57A4C8E7A79}.Debug|ARM.ActiveCfg = Debug|Any CPU
		{60BED121-FC61-4170-8344-E57A4C8E7A79}.Debug|ARM.Build.0 = Debug|Any CPU
		{60BED121-FC61-4170-8344-E57A4C8E7A79}.Debug|ARM.Deploy.0 = Debug|Any CPU
		{60BED121-FC61-4170-8344-E57A4C8E7A79}.Debug|iPhone.ActiveCfg = Debug|Any CPU
		{60BED121-FC61-4170-8344-E57A4C8E7A79}.Debug|iPhone.Build.0 = Debug|Any CPU
		{60BED121-FC61-4170-8344-E57A4C8E7A79}.Debug|iPhone.Deploy.0 = Debug|Any CPU
		{60BED121-FC61-4170-8344-E57A4C8E7A79}.Debug|iPhoneSimulator.ActiveCfg = Debug|Any CPU
		{60BED121-FC61-4170-8344-E57A4C8E7A79}.Debug|iPhoneSimulator.Build.0 = Debug|Any CPU
		{60BED121-FC61-4170-8344-E57A4C8E7A79}.Debug|iPhoneSimulator.Deploy.0 = Debug|Any CPU
		{60BED121-FC61-4170-8344-E57A4C8E7A79}.Debug|x64.ActiveCfg = Debug|Any CPU
		{60BED121-FC61-4170-8344-E57A4C8E7A79}.Debug|x64.Build.0 = Debug|Any CPU
		{60BED121-FC61-4170-8344-E57A4C8E7A79}.Debug|x64.Deploy.0 = Debug|Any CPU
		{60BED121-FC61-4170-8344-E57A4C8E7A79}.Debug|x86.ActiveCfg = Debug|Any CPU
		{60BED121-FC61-4170-8344-E57A4C8E7A79}.Debug|x86.Build.0 = Debug|Any CPU
		{60BED121-FC61-4170-8344-E57A4C8E7A79}.Debug|x86.Deploy.0 = Debug|Any CPU
		{60BED121-FC61-4170-8344-E57A4C8E7A79}.Release|Any CPU.ActiveCfg = Release|Any CPU
		{60BED121-FC61-4170-8344-E57A4C8E7A79}.Release|Any CPU.Build.0 = Release|Any CPU
		{60BED121-FC61-4170-8344-E57A4C8E7A79}.Release|Any CPU.Deploy.0 = Release|Any CPU
		{60BED121-FC61-4170-8344-E57A4C8E7A79}.Release|ARM.ActiveCfg = Release|Any CPU
		{60BED121-FC61-4170-8344-E57A4C8E7A79}.Release|ARM.Build.0 = Release|Any CPU
		{60BED121-FC61-4170-8344-E57A4C8E7A79}.Release|ARM.Deploy.0 = Release|Any CPU
		{60BED121-FC61-4170-8344-E57A4C8E7A79}.Release|iPhone.ActiveCfg = Release|Any CPU
		{60BED121-FC61-4170-8344-E57A4C8E7A79}.Release|iPhone.Build.0 = Release|Any CPU
		{60BED121-FC61-4170-8344-E57A4C8E7A79}.Release|iPhone.Deploy.0 = Release|Any CPU
		{60BED121-FC61-4170-8344-E57A4C8E7A79}.Release|iPhoneSimulator.ActiveCfg = Release|Any CPU
		{60BED121-FC61-4170-8344-E57A4C8E7A79}.Release|iPhoneSimulator.Build.0 = Release|Any CPU
		{60BED121-FC61-4170-8344-E57A4C8E7A79}.Release|iPhoneSimulator.Deploy.0 = Release|Any CPU
		{60BED121-FC61-4170-8344-E57A4C8E7A79}.Release|x64.ActiveCfg = Release|Any CPU
		{60BED121-FC61-4170-8344-E57A4C8E7A79}.Release|x64.Build.0 = Release|Any CPU
		{60BED121-FC61-4170-8344-E57A4C8E7A79}.Release|x64.Deploy.0 = Release|Any CPU
		{60BED121-FC61-4170-8344-E57A4C8E7A79}.Release|x86.ActiveCfg = Release|Any CPU
		{60BED121-FC61-4170-8344-E57A4C8E7A79}.Release|x86.Build.0 = Release|Any CPU
		{60BED121-FC61-4170-8344-E57A4C8E7A79}.Release|x86.Deploy.0 = Release|Any CPU
		{53C15F5C-A5CE-4A6E-8A54-DE4910FC793C}.Debug|Any CPU.ActiveCfg = Debug|iPhoneSimulator
		{53C15F5C-A5CE-4A6E-8A54-DE4910FC793C}.Debug|Any CPU.Build.0 = Debug|iPhoneSimulator
		{53C15F5C-A5CE-4A6E-8A54-DE4910FC793C}.Debug|Any CPU.Deploy.0 = Debug|iPhoneSimulator
		{53C15F5C-A5CE-4A6E-8A54-DE4910FC793C}.Debug|ARM.ActiveCfg = Debug|iPhone
		{53C15F5C-A5CE-4A6E-8A54-DE4910FC793C}.Debug|ARM.Build.0 = Debug|iPhone
		{53C15F5C-A5CE-4A6E-8A54-DE4910FC793C}.Debug|ARM.Deploy.0 = Debug|iPhone
		{53C15F5C-A5CE-4A6E-8A54-DE4910FC793C}.Debug|iPhone.ActiveCfg = Debug|iPhone
		{53C15F5C-A5CE-4A6E-8A54-DE4910FC793C}.Debug|iPhone.Build.0 = Debug|iPhone
		{53C15F5C-A5CE-4A6E-8A54-DE4910FC793C}.Debug|iPhone.Deploy.0 = Debug|iPhone
		{53C15F5C-A5CE-4A6E-8A54-DE4910FC793C}.Debug|iPhoneSimulator.ActiveCfg = Debug|iPhoneSimulator
		{53C15F5C-A5CE-4A6E-8A54-DE4910FC793C}.Debug|iPhoneSimulator.Build.0 = Debug|iPhoneSimulator
		{53C15F5C-A5CE-4A6E-8A54-DE4910FC793C}.Debug|iPhoneSimulator.Deploy.0 = Debug|iPhoneSimulator
		{53C15F5C-A5CE-4A6E-8A54-DE4910FC793C}.Debug|x64.ActiveCfg = Debug|iPhoneSimulator
		{53C15F5C-A5CE-4A6E-8A54-DE4910FC793C}.Debug|x64.Build.0 = Debug|iPhoneSimulator
		{53C15F5C-A5CE-4A6E-8A54-DE4910FC793C}.Debug|x64.Deploy.0 = Debug|iPhoneSimulator
		{53C15F5C-A5CE-4A6E-8A54-DE4910FC793C}.Debug|x86.ActiveCfg = Debug|iPhoneSimulator
		{53C15F5C-A5CE-4A6E-8A54-DE4910FC793C}.Debug|x86.Build.0 = Debug|iPhoneSimulator
		{53C15F5C-A5CE-4A6E-8A54-DE4910FC793C}.Debug|x86.Deploy.0 = Debug|iPhoneSimulator
		{53C15F5C-A5CE-4A6E-8A54-DE4910FC793C}.Release|Any CPU.ActiveCfg = Release|iPhoneSimulator
		{53C15F5C-A5CE-4A6E-8A54-DE4910FC793C}.Release|Any CPU.Build.0 = Release|iPhoneSimulator
		{53C15F5C-A5CE-4A6E-8A54-DE4910FC793C}.Release|Any CPU.Deploy.0 = Release|iPhoneSimulator
		{53C15F5C-A5CE-4A6E-8A54-DE4910FC793C}.Release|ARM.ActiveCfg = Release|iPhoneSimulator
		{53C15F5C-A5CE-4A6E-8A54-DE4910FC793C}.Release|ARM.Build.0 = Release|iPhoneSimulator
		{53C15F5C-A5CE-4A6E-8A54-DE4910FC793C}.Release|ARM.Deploy.0 = Release|iPhoneSimulator
		{53C15F5C-A5CE-4A6E-8A54-DE4910FC793C}.Release|iPhone.ActiveCfg = Release|iPhone
		{53C15F5C-A5CE-4A6E-8A54-DE4910FC793C}.Release|iPhone.Build.0 = Release|iPhone
		{53C15F5C-A5CE-4A6E-8A54-DE4910FC793C}.Release|iPhone.Deploy.0 = Release|iPhone
		{53C15F5C-A5CE-4A6E-8A54-DE4910FC793C}.Release|iPhoneSimulator.ActiveCfg = Release|iPhoneSimulator
		{53C15F5C-A5CE-4A6E-8A54-DE4910FC793C}.Release|iPhoneSimulator.Build.0 = Release|iPhoneSimulator
		{53C15F5C-A5CE-4A6E-8A54-DE4910FC793C}.Release|iPhoneSimulator.Deploy.0 = Release|iPhoneSimulator
		{53C15F5C-A5CE-4A6E-8A54-DE4910FC793C}.Release|x64.ActiveCfg = Release|iPhoneSimulator
		{53C15F5C-A5CE-4A6E-8A54-DE4910FC793C}.Release|x64.Build.0 = Release|iPhoneSimulator
		{53C15F5C-A5CE-4A6E-8A54-DE4910FC793C}.Release|x64.Deploy.0 = Release|iPhoneSimulator
		{53C15F5C-A5CE-4A6E-8A54-DE4910FC793C}.Release|x86.ActiveCfg = Release|iPhoneSimulator
		{53C15F5C-A5CE-4A6E-8A54-DE4910FC793C}.Release|x86.Build.0 = Release|iPhoneSimulator
		{53C15F5C-A5CE-4A6E-8A54-DE4910FC793C}.Release|x86.Deploy.0 = Release|iPhoneSimulator
		{276B3F43-99FD-4BEB-A2AC-0BE069A0C5C0}.Debug|Any CPU.ActiveCfg = Debug|Any CPU
		{276B3F43-99FD-4BEB-A2AC-0BE069A0C5C0}.Debug|Any CPU.Build.0 = Debug|Any CPU
		{276B3F43-99FD-4BEB-A2AC-0BE069A0C5C0}.Debug|Any CPU.Deploy.0 = Debug|Any CPU
		{276B3F43-99FD-4BEB-A2AC-0BE069A0C5C0}.Debug|ARM.ActiveCfg = Debug|Any CPU
		{276B3F43-99FD-4BEB-A2AC-0BE069A0C5C0}.Debug|ARM.Build.0 = Debug|Any CPU
		{276B3F43-99FD-4BEB-A2AC-0BE069A0C5C0}.Debug|ARM.Deploy.0 = Debug|Any CPU
		{276B3F43-99FD-4BEB-A2AC-0BE069A0C5C0}.Debug|iPhone.ActiveCfg = Debug|Any CPU
		{276B3F43-99FD-4BEB-A2AC-0BE069A0C5C0}.Debug|iPhone.Build.0 = Debug|Any CPU
		{276B3F43-99FD-4BEB-A2AC-0BE069A0C5C0}.Debug|iPhone.Deploy.0 = Debug|Any CPU
		{276B3F43-99FD-4BEB-A2AC-0BE069A0C5C0}.Debug|iPhoneSimulator.ActiveCfg = Debug|Any CPU
		{276B3F43-99FD-4BEB-A2AC-0BE069A0C5C0}.Debug|iPhoneSimulator.Build.0 = Debug|Any CPU
		{276B3F43-99FD-4BEB-A2AC-0BE069A0C5C0}.Debug|iPhoneSimulator.Deploy.0 = Debug|Any CPU
		{276B3F43-99FD-4BEB-A2AC-0BE069A0C5C0}.Debug|x64.ActiveCfg = Debug|Any CPU
		{276B3F43-99FD-4BEB-A2AC-0BE069A0C5C0}.Debug|x64.Build.0 = Debug|Any CPU
		{276B3F43-99FD-4BEB-A2AC-0BE069A0C5C0}.Debug|x64.Deploy.0 = Debug|Any CPU
		{276B3F43-99FD-4BEB-A2AC-0BE069A0C5C0}.Debug|x86.ActiveCfg = Debug|Any CPU
		{276B3F43-99FD-4BEB-A2AC-0BE069A0C5C0}.Debug|x86.Build.0 = Debug|Any CPU
		{276B3F43-99FD-4BEB-A2AC-0BE069A0C5C0}.Debug|x86.Deploy.0 = Debug|Any CPU
		{276B3F43-99FD-4BEB-A2AC-0BE069A0C5C0}.Release|Any CPU.ActiveCfg = Release|Any CPU
		{276B3F43-99FD-4BEB-A2AC-0BE069A0C5C0}.Release|Any CPU.Build.0 = Release|Any CPU
		{276B3F43-99FD-4BEB-A2AC-0BE069A0C5C0}.Release|Any CPU.Deploy.0 = Release|Any CPU
		{276B3F43-99FD-4BEB-A2AC-0BE069A0C5C0}.Release|ARM.ActiveCfg = Release|Any CPU
		{276B3F43-99FD-4BEB-A2AC-0BE069A0C5C0}.Release|ARM.Build.0 = Release|Any CPU
		{276B3F43-99FD-4BEB-A2AC-0BE069A0C5C0}.Release|ARM.Deploy.0 = Release|Any CPU
		{276B3F43-99FD-4BEB-A2AC-0BE069A0C5C0}.Release|iPhone.ActiveCfg = Release|Any CPU
		{276B3F43-99FD-4BEB-A2AC-0BE069A0C5C0}.Release|iPhone.Build.0 = Release|Any CPU
		{276B3F43-99FD-4BEB-A2AC-0BE069A0C5C0}.Release|iPhone.Deploy.0 = Release|Any CPU
		{276B3F43-99FD-4BEB-A2AC-0BE069A0C5C0}.Release|iPhoneSimulator.ActiveCfg = Release|Any CPU
		{276B3F43-99FD-4BEB-A2AC-0BE069A0C5C0}.Release|iPhoneSimulator.Build.0 = Release|Any CPU
		{276B3F43-99FD-4BEB-A2AC-0BE069A0C5C0}.Release|iPhoneSimulator.Deploy.0 = Release|Any CPU
		{276B3F43-99FD-4BEB-A2AC-0BE069A0C5C0}.Release|x64.ActiveCfg = Release|Any CPU
		{276B3F43-99FD-4BEB-A2AC-0BE069A0C5C0}.Release|x64.Build.0 = Release|Any CPU
		{276B3F43-99FD-4BEB-A2AC-0BE069A0C5C0}.Release|x64.Deploy.0 = Release|Any CPU
		{276B3F43-99FD-4BEB-A2AC-0BE069A0C5C0}.Release|x86.ActiveCfg = Release|Any CPU
		{276B3F43-99FD-4BEB-A2AC-0BE069A0C5C0}.Release|x86.Build.0 = Release|Any CPU
		{276B3F43-99FD-4BEB-A2AC-0BE069A0C5C0}.Release|x86.Deploy.0 = Release|Any CPU
	EndGlobalSection
	GlobalSection(SolutionProperties) = preSolution
		HideSolutionNode = FALSE
	EndGlobalSection
	GlobalSection(ExtensibilityGlobals) = postSolution
		SolutionGuid = {96847A01-E37D-4FBE-A318-FC3FA4F538BE}
	EndGlobalSection
EndGlobal
